
Microsoft Visual Studio Solution File, Format Version 12.00
# Visual Studio Version 17
VisualStudioVersion = 17.9.34723.18
MinimumVisualStudioVersion = 10.0.40219.1
Project("{FAE04EC0-301F-11D3-BF4B-00C04F79EFBC}") = "Assignment_2_Problem_solving", "Assignment_2_Problem_solving\Assignment_2_Problem_solving.csproj", "{0D0B72F6-7C3E-4808-B0F6-17906160ACA2}"
EndProject
Global
	GlobalSection(SolutionConfigurationPlatforms) = preSolution
		Debug|Any CPU = Debug|Any CPU
		Release|Any CPU = Release|Any CPU
	EndGlobalSection
	GlobalSection(ProjectConfigurationPlatforms) = postSolution
		{0D0B72F6-7C3E-4808-B0F6-17906160ACA2}.Debug|Any CPU.ActiveCfg = Debug|Any CPU
		{0D0B72F6-7C3E-4808-B0F6-17906160ACA2}.Debug|Any CPU.Build.0 = Debug|Any CPU
		{0D0B72F6-7C3E-4808-B0F6-17906160ACA2}.Release|Any CPU.ActiveCfg = Release|Any CPU
		{0D0B72F6-7C3E-4808-B0F6-17906160ACA2}.Release|Any CPU.Build.0 = Release|Any CPU
	EndGlobalSection
	GlobalSection(SolutionProperties) = preSolution
		HideSolutionNode = FALSE
	EndGlobalSection
	GlobalSection(ExtensibilityGlobals) = postSolution
		SolutionGuid = {465CDD40-AE34-4620-94DC-C7167D90122A}
	EndGlobalSection
EndGlobal
